<?xml version="1.0" encoding="utf-8"?>
<Project ToolsVersion="4.0" xmlns="http://schemas.microsoft.com/developer/msbuild/2003">
  <ItemGroup>
    <Filter Include="Part1">
      <UniqueIdentifier>{abdbf156-51a6-4c60-9d08-4f913e2bc134}</UniqueIdentifier>
    </Filter>
  </ItemGroup>
  <ItemGroup>
    <ClCompile Include="Part1\1. 1부터 N까지의 M의 배수합.cpp">
      <Filter>Part1</Filter>
    </ClCompile>
    <ClCompile Include="Part1\2. 자연수의 합.cpp" />
    <ClCompile Include="Part1\3. 진약수의 합.cpp" />
    <ClCompile Include="Part1\4. 나이차이.cpp" />
    <ClCompile Include="Part1\5.나이계산.cpp" />
    <ClCompile Include="Part1\6. 숫자만 추출.cpp" />
    <ClCompile Include="Part1\7. 영어단어 복구.cpp" />
    <ClCompile Include="Part1\8. 올바른 괄호.cpp" />
    <ClCompile Include="Part1\9. 모두의 약수.cpp" />
    <ClCompile Include="Part1\10. 자릿수의 합.cpp" />
    <ClCompile Include="Part1\11. 숫자의 총 개수(small).cpp" />
  </ItemGroup>
</Project>